{
  "version": 1,
  "dependencies": {
    "net10.0-windows10.0.26100": {
      "Microsoft.WindowsAppSDK": {
        "type": "Direct",
        "requested": "[1.7.260224002, )",
        "resolved": "1.7.260224002",
        "contentHash": "0lLlJHbK/qFVnciJHr6xw3c/tQ6b6mtQYJs5Rvk5J5IhpxHzuWL+b63tvQxfSKDgLCPl0o2o8d2ynMoln2PDHw==",
        "dependencies": {
          "Microsoft.Web.WebView2": "1.0.2903.40",
          "Microsoft.Windows.SDK.BuildTools": "10.0.22621.756"
        }
      },
      "CommunityToolkit.Mvvm": {
        "type": "Transitive",
        "resolved": "8.4.2",
        "contentHash": "WadCzGEc2U+3e20avRLng4qNtt4zoOGWrdUISqJWrHe3/FSnrYjuM5Sb4yQb09LhkBXrrI4Zt3dLKgRMbItsrg=="
      },
      "Microsoft.Web.WebView2": {
        "type": "Transitive",
        "resolved": "1.0.2903.40",
        "contentHash": "THrzYAnJgE3+cNH+9Epr44XjoZoRELdVpXlWGPs6K9C9G6TqyDfVCeVAR/Er8ljLitIUX5gaSkPsy9wRhD1sgQ=="
      },
      "Microsoft.Windows.SDK.BuildTools": {
        "type": "Transitive",
        "resolved": "10.0.22621.756",
        "contentHash": "7ZL2sFSioYm1Ry067Kw1hg0SCcW5kuVezC2SwjGbcPE61Nn+gTbH86T73G3LcEOVj0S3IZzNuE/29gZvOLS7VA=="
      },
      "System.Formats.Cbor": {
        "type": "Transitive",
        "resolved": "10.0.12",
        "contentHash": "CGIkyGIf3UWBFmYJrFJ7FIxQ++3h5yDcDXwyQ0sOH4+5EJK04XMVU+hyy1Q8mTUsWLXz6/ydq1ln9SPutxFVoQ=="
      },
      "faunaapp.core": {
        "type": "Project",
        "dependencies": {
          "CommunityToolkit.Mvvm": "[8.4.2, )",
          "System.Formats.Cbor": "[10.0.12, )"
        }
      }
    },
    "net10.0-windows10.0.26100/win-arm64": {
      "Microsoft.WindowsAppSDK": {
        "type": "Direct",
        "requested": "[1.7.260224002, )",
        "resolved": "1.7.260224002",
        "contentHash": "0lLlJHbK/qFVnciJHr6xw3c/tQ6b6mtQYJs5Rvk5J5IhpxHzuWL+b63tvQxfSKDgLCPl0o2o8d2ynMoln2PDHw==",
        "dependencies": {
          "Microsoft.Web.WebView2": "1.0.2903.40",
          "Microsoft.Windows.SDK.BuildTools": "10.0.22621.756"
        }
      },
      "Microsoft.Web.WebView2": {
        "type": "Transitive",
        "resolved": "1.0.2903.40",
        "contentHash": "THrzYAnJgE3+cNH+9Epr44XjoZoRELdVpXlWGPs6K9C9G6TqyDfVCeVAR/Er8ljLitIUX5gaSkPsy9wRhD1sgQ=="
      }
    },
    "net10.0-windows10.0.26100/win-x64": {
      "Microsoft.WindowsAppSDK": {
        "type": "Direct",
        "requested": "[1.7.260224002, )",
        "resolved": "1.7.260224002",
        "contentHash": "0lLlJHbK/qFVnciJHr6xw3c/tQ6b6mtQYJs5Rvk5J5IhpxHzuWL+b63tvQxfSKDgLCPl0o2o8d2ynMoln2PDHw==",
        "dependencies": {
          "Microsoft.Web.WebView2": "1.0.2903.40",
          "Microsoft.Windows.SDK.BuildTools": "10.0.22621.756"
        }
      },
      "Microsoft.Web.WebView2": {
        "type": "Transitive",
        "resolved": "1.0.2903.40",
        "contentHash": "THrzYAnJgE3+cNH+9Epr44XjoZoRELdVpXlWGPs6K9C9G6TqyDfVCeVAR/Er8ljLitIUX5gaSkPsy9wRhD1sgQ=="
      }
    }
  }
}